// !$*UTF8*$!
{
	archiveVersion = 1;
	classes = {
	};
	objectVersion = 51;
	objects = {

/* Begin PBXBuildFile section */
		25DB5672C2E0374EED35250A /* Pods_kuestTests.framework in Frameworks */ = {isa = PBXBuildFile; fileRef = 212E8BA972E97B07D299FA9C /* Pods_kuestTests.framework */; };
		5386E069816274F1C7D9B0E8 /* Pods_kuest_kuestUITests.framework in Frameworks */ = {isa = PBXBuildFile; fileRef = CDE27F9D1F2E38D3461E2E06 /* Pods_kuest_kuestUITests.framework */; };
		6B5BFDAFB06DC486BC04EF1A /* Pods_kuest.framework in Frameworks */ = {isa = PBXBuildFile; fileRef = 704D4E65310D47A16C132182 /* Pods_kuest.framework */; };
		8B5EC00525784552009F4CF9 /* kuestApp.swift in Sources */ = {isa = PBXBuildFile; fileRef = 8B5EC00425784552009F4CF9 /* kuestApp.swift */; };
		8B5EC00725784552009F4CF9 /* ContentView.swift in Sources */ = {isa = PBXBuildFile; fileRef = 8B5EC00625784552009F4CF9 /* ContentView.swift */; };
		8B5EC00925784553009F4CF9 /* Assets.xcassets in Resources */ = {isa = PBXBuildFile; fileRef = 8B5EC00825784553009F4CF9 /* Assets.xcassets */; };
		8B5EC00C25784553009F4CF9 /* Preview Assets.xcassets in Resources */ = {isa = PBXBuildFile; fileRef = 8B5EC00B25784553009F4CF9 /* Preview Assets.xcassets */; };
		8B5EC01725784553009F4CF9 /* kuestTests.swift in Sources */ = {isa = PBXBuildFile; fileRef = 8B5EC01625784553009F4CF9 /* kuestTests.swift */; };
		8B5EC02225784553009F4CF9 /* kuestUITests.swift in Sources */ = {isa = PBXBuildFile; fileRef = 8B5EC02125784553009F4CF9 /* kuestUITests.swift */; };
		8B5EC04A25785DE6009F4CF9 /* SocialSystem.swift in Sources */ = {isa = PBXBuildFile; fileRef = 8B5EC04925785DE6009F4CF9 /* SocialSystem.swift */; };
		8B5EC05D25785F1F009F4CF9 /* SignView.swift in Sources */ = {isa = PBXBuildFile; fileRef = 8B5EC05C25785F1F009F4CF9 /* SignView.swift */; };
/* End PBXBuildFile section */

/* Begin PBXContainerItemProxy section */
		8B5EC01325784553009F4CF9 /* PBXContainerItemProxy */ = {
			isa = PBXContainerItemProxy;
			containerPortal = 8B5EBFF925784552009F4CF9 /* Project object */;
			proxyType = 1;
			remoteGlobalIDString = 8B5EC00025784552009F4CF9;
			remoteInfo = kuest;
		};
		8B5EC01E25784553009F4CF9 /* PBXContainerItemProxy */ = {
			isa = PBXContainerItemProxy;
			containerPortal = 8B5EBFF925784552009F4CF9 /* Project object */;
			proxyType = 1;
			remoteGlobalIDString = 8B5EC00025784552009F4CF9;
			remoteInfo = kuest;
		};
/* End PBXContainerItemProxy section */

/* Begin PBXFileReference section */
		1AF9BC801FD54D0F39D65274 /* Pods-kuestTests.debug.xcconfig */ = {isa = PBXFileReference; includeInIndex = 1; lastKnownFileType = text.xcconfig; name = "Pods-kuestTests.debug.xcconfig"; path = "Target Support Files/Pods-kuestTests/Pods-kuestTests.debug.xcconfig"; sourceTree = "<group>"; };
		1D3BB7B4AEE449BCC71571A9 /* Pods-kuest.release.xcconfig */ = {isa = PBXFileReference; includeInIndex = 1; lastKnownFileType = text.xcconfig; name = "Pods-kuest.release.xcconfig"; path = "Target Support Files/Pods-kuest/Pods-kuest.release.xcconfig"; sourceTree = "<group>"; };
		212E8BA972E97B07D299FA9C /* Pods_kuestTests.framework */ = {isa = PBXFileReference; explicitFileType = wrapper.framework; includeInIndex = 0; path = Pods_kuestTests.framework; sourceTree = BUILT_PRODUCTS_DIR; };
		268041B9D3D10B4A03225DFB /* Pods-kuest-kuestUITests.release.xcconfig */ = {isa = PBXFileReference; includeInIndex = 1; lastKnownFileType = text.xcconfig; name = "Pods-kuest-kuestUITests.release.xcconfig"; path = "Target Support Files/Pods-kuest-kuestUITests/Pods-kuest-kuestUITests.release.xcconfig"; sourceTree = "<group>"; };
		704D4E65310D47A16C132182 /* Pods_kuest.framework */ = {isa = PBXFileReference; explicitFileType = wrapper.framework; includeInIndex = 0; path = Pods_kuest.framework; sourceTree = BUILT_PRODUCTS_DIR; };
		8B5EC00125784552009F4CF9 /* kuest.app */ = {isa = PBXFileReference; explicitFileType = wrapper.application; includeInIndex = 0; path = kuest.app; sourceTree = BUILT_PRODUCTS_DIR; };
		8B5EC00425784552009F4CF9 /* kuestApp.swift */ = {isa = PBXFileReference; lastKnownFileType = sourcecode.swift; path = kuestApp.swift; sourceTree = "<group>"; };
		8B5EC00625784552009F4CF9 /* ContentView.swift */ = {isa = PBXFileReference; lastKnownFileType = sourcecode.swift; path = ContentView.swift; sourceTree = "<group>"; };
		8B5EC00825784553009F4CF9 /* Assets.xcassets */ = {isa = PBXFileReference; lastKnownFileType = folder.assetcatalog; path = Assets.xcassets; sourceTree = "<group>"; };
		8B5EC00B25784553009F4CF9 /* Preview Assets.xcassets */ = {isa = PBXFileReference; lastKnownFileType = folder.assetcatalog; path = "Preview Assets.xcassets"; sourceTree = "<group>"; };
		8B5EC00D25784553009F4CF9 /* Info.plist */ = {isa = PBXFileReference; lastKnownFileType = text.plist.xml; path = Info.plist; sourceTree = "<group>"; };
		8B5EC01225784553009F4CF9 /* kuestTests.xctest */ = {isa = PBXFileReference; explicitFileType = wrapper.cfbundle; includeInIndex = 0; path = kuestTests.xctest; sourceTree = BUILT_PRODUCTS_DIR; };
		8B5EC01625784553009F4CF9 /* kuestTests.swift */ = {isa = PBXFileReference; lastKnownFileType = sourcecode.swift; path = kuestTests.swift; sourceTree = "<group>"; };
		8B5EC01825784553009F4CF9 /* Info.plist */ = {isa = PBXFileReference; lastKnownFileType = text.plist.xml; path = Info.plist; sourceTree = "<group>"; };
		8B5EC01D25784553009F4CF9 /* kuestUITests.xctest */ = {isa = PBXFileReference; explicitFileType = wrapper.cfbundle; includeInIndex = 0; path = kuestUITests.xctest; sourceTree = BUILT_PRODUCTS_DIR; };
		8B5EC02125784553009F4CF9 /* kuestUITests.swift */ = {isa = PBXFileReference; lastKnownFileType = sourcecode.swift; path = kuestUITests.swift; sourceTree = "<group>"; };
		8B5EC02325784553009F4CF9 /* Info.plist */ = {isa = PBXFileReference; lastKnownFileType = text.plist.xml; path = Info.plist; sourceTree = "<group>"; };
		8B5EC04925785DE6009F4CF9 /* SocialSystem.swift */ = {isa = PBXFileReference; lastKnownFileType = sourcecode.swift; path = SocialSystem.swift; sourceTree = "<group>"; };
		8B5EC05C25785F1F009F4CF9 /* SignView.swift */ = {isa = PBXFileReference; lastKnownFileType = sourcecode.swift; path = SignView.swift; sourceTree = "<group>"; };
		94B31ADBF785E74CAD874B9E /* Pods-kuest.debug.xcconfig */ = {isa = PBXFileReference; includeInIndex = 1; lastKnownFileType = text.xcconfig; name = "Pods-kuest.debug.xcconfig"; path = "Target Support Files/Pods-kuest/Pods-kuest.debug.xcconfig"; sourceTree = "<group>"; };
		BB55070A8D7691D80DBDD64B /* Pods-kuest-kuestUITests.debug.xcconfig */ = {isa = PBXFileReference; includeInIndex = 1; lastKnownFileType = text.xcconfig; name = "Pods-kuest-kuestUITests.debug.xcconfig"; path = "Target Support Files/Pods-kuest-kuestUITests/Pods-kuest-kuestUITests.debug.xcconfig"; sourceTree = "<group>"; };
		CDE27F9D1F2E38D3461E2E06 /* Pods_kuest_kuestUITests.framework */ = {isa = PBXFileReference; explicitFileType = wrapper.framework; includeInIndex = 0; path = Pods_kuest_kuestUITests.framework; sourceTree = BUILT_PRODUCTS_DIR; };
		DC2AB7F7185C27B82B399EDF /* Pods-kuestTests.release.xcconfig */ = {isa = PBXFileReference; includeInIndex = 1; lastKnownFileType = text.xcconfig; name = "Pods-kuestTests.release.xcconfig"; path = "Target Support Files/Pods-kuestTests/Pods-kuestTests.release.xcconfig"; sourceTree = "<group>"; };
/* End PBXFileReference section */

/* Begin PBXFrameworksBuildPhase section */
		8B5EBFFE25784552009F4CF9 /* Frameworks */ = {
			isa = PBXFrameworksBuildPhase;
			buildActionMask = 2147483647;
			files = (
				6B5BFDAFB06DC486BC04EF1A /* Pods_kuest.framework in Frameworks */,
			);
			runOnlyForDeploymentPostprocessing = 0;
		};
		8B5EC00F25784553009F4CF9 /* Frameworks */ = {
			isa = PBXFrameworksBuildPhase;
			buildActionMask = 2147483647;
			files = (
				25DB5672C2E0374EED35250A /* Pods_kuestTests.framework in Frameworks */,
			);
			runOnlyForDeploymentPostprocessing = 0;
		};
		8B5EC01A25784553009F4CF9 /* Frameworks */ = {
			isa = PBXFrameworksBuildPhase;
			buildActionMask = 2147483647;
			files = (
				5386E069816274F1C7D9B0E8 /* Pods_kuest_kuestUITests.framework in Frameworks */,
			);
			runOnlyForDeploymentPostprocessing = 0;
		};
/* End PBXFrameworksBuildPhase section */

/* Begin PBXGroup section */
		77DC16F78C8BF38ABB5177F4 /* Pods */ = {
			isa = PBXGroup;
			children = (
				94B31ADBF785E74CAD874B9E /* Pods-kuest.debug.xcconfig */,
				1D3BB7B4AEE449BCC71571A9 /* Pods-kuest.release.xcconfig */,
				BB55070A8D7691D80DBDD64B /* Pods-kuest-kuestUITests.debug.xcconfig */,
				268041B9D3D10B4A03225DFB /* Pods-kuest-kuestUITests.release.xcconfig */,
				1AF9BC801FD54D0F39D65274 /* Pods-kuestTests.debug.xcconfig */,
				DC2AB7F7185C27B82B399EDF /* Pods-kuestTests.release.xcconfig */,
			);
			path = Pods;
			sourceTree = "<group>";
		};
		8B5EBFF825784552009F4CF9 = {
			isa = PBXGroup;
			children = (
				8B5EC00325784552009F4CF9 /* kuest */,
				8B5EC01525784553009F4CF9 /* kuestTests */,
				8B5EC02025784553009F4CF9 /* kuestUITests */,
				8B5EC00225784552009F4CF9 /* Products */,
				77DC16F78C8BF38ABB5177F4 /* Pods */,
				D182FFA3DDB18D78D9EA9BA6 /* Frameworks */,
			);
			sourceTree = "<group>";
		};
		8B5EC00225784552009F4CF9 /* Products */ = {
			isa = PBXGroup;
			children = (
				8B5EC00125784552009F4CF9 /* kuest.app */,
				8B5EC01225784553009F4CF9 /* kuestTests.xctest */,
				8B5EC01D25784553009F4CF9 /* kuestUITests.xctest */,
			);
			name = Products;
			sourceTree = "<group>";
		};
		8B5EC00325784552009F4CF9 /* kuest */ = {
			isa = PBXGroup;
			children = (
				8B5EC05B25785F0C009F4CF9 /* view */,
				8B5EC04825785DCD009F4CF9 /* module */,
				8B5EC00425784552009F4CF9 /* kuestApp.swift */,
				8B5EC00625784552009F4CF9 /* ContentView.swift */,
				8B5EC00825784553009F4CF9 /* Assets.xcassets */,
				8B5EC00D25784553009F4CF9 /* Info.plist */,
				8B5EC00A25784553009F4CF9 /* Preview Content */,
			);
			path = kuest;
			sourceTree = "<group>";
		};
		8B5EC00A25784553009F4CF9 /* Preview Content */ = {
			isa = PBXGroup;
			children = (
				8B5EC00B25784553009F4CF9 /* Preview Assets.xcassets */,
			);
			path = "Preview Content";
			sourceTree = "<group>";
		};
		8B5EC01525784553009F4CF9 /* kuestTests */ = {
			isa = PBXGroup;
			children = (
				8B5EC01625784553009F4CF9 /* kuestTests.swift */,
				8B5EC01825784553009F4CF9 /* Info.plist */,
			);
			path = kuestTests;
			sourceTree = "<group>";
		};
		8B5EC02025784553009F4CF9 /* kuestUITests */ = {
			isa = PBXGroup;
			children = (
				8B5EC02125784553009F4CF9 /* kuestUITests.swift */,
				8B5EC02325784553009F4CF9 /* Info.plist */,
			);
			path = kuestUITests;
			sourceTree = "<group>";
		};
		8B5EC04825785DCD009F4CF9 /* module */ = {
			isa = PBXGroup;
			children = (
				8B5EC04925785DE6009F4CF9 /* SocialSystem.swift */,
			);
			path = module;
			sourceTree = "<group>";
		};
		8B5EC05B25785F0C009F4CF9 /* view */ = {
			isa = PBXGroup;
			children = (
				8B5EC05C25785F1F009F4CF9 /* SignView.swift */,
			);
			path = view;
			sourceTree = "<group>";
		};
		D182FFA3DDB18D78D9EA9BA6 /* Frameworks */ = {
			isa = PBXGroup;
			children = (
				704D4E65310D47A16C132182 /* Pods_kuest.framework */,
				CDE27F9D1F2E38D3461E2E06 /* Pods_kuest_kuestUITests.framework */,
				212E8BA972E97B07D299FA9C /* Pods_kuestTests.framework */,
			);
			name = Frameworks;
			sourceTree = "<group>";
		};
/* End PBXGroup section */

/* Begin PBXNativeTarget section */
		8B5EC00025784552009F4CF9 /* kuest */ = {
			isa = PBXNativeTarget;
			buildConfigurationList = 8B5EC02625784553009F4CF9 /* Build configuration list for PBXNativeTarget "kuest" */;
			buildPhases = (
				2705D267DD8C65F28A3D1791 /* [CP] Check Pods Manifest.lock */,
				8B5EBFFD25784552009F4CF9 /* Sources */,
				8B5EBFFE25784552009F4CF9 /* Frameworks */,
				8B5EBFFF25784552009F4CF9 /* Resources */,
				C9F9DA2B04D301F579D9FB59 /* [CP] Embed Pods Frameworks */,
			);
			buildRules = (
			);
			dependencies = (
			);
			name = kuest;
			productName = kuest;
			productReference = 8B5EC00125784552009F4CF9 /* kuest.app */;
			productType = "com.apple.product-type.application";
		};
		8B5EC01125784553009F4CF9 /* kuestTests */ = {
			isa = PBXNativeTarget;
			buildConfigurationList = 8B5EC02925784553009F4CF9 /* Build configuration list for PBXNativeTarget "kuestTests" */;
			buildPhases = (
				3761DF37A6135EB44052F882 /* [CP] Check Pods Manifest.lock */,
				8B5EC00E25784553009F4CF9 /* Sources */,
				8B5EC00F25784553009F4CF9 /* Frameworks */,
				8B5EC01025784553009F4CF9 /* Resources */,
			);
			buildRules = (
			);
			dependencies = (
				8B5EC01425784553009F4CF9 /* PBXTargetDependency */,
			);
			name = kuestTests;
			productName = kuestTests;
			productReference = 8B5EC01225784553009F4CF9 /* kuestTests.xctest */;
			productType = "com.apple.product-type.bundle.unit-test";
		};
		8B5EC01C25784553009F4CF9 /* kuestUITests */ = {
			isa = PBXNativeTarget;
			buildConfigurationList = 8B5EC02C25784553009F4CF9 /* Build configuration list for PBXNativeTarget "kuestUITests" */;
			buildPhases = (
				4797F32CEB0B5CB29809CC78 /* [CP] Check Pods Manifest.lock */,
				8B5EC01925784553009F4CF9 /* Sources */,
				8B5EC01A25784553009F4CF9 /* Frameworks */,
				8B5EC01B25784553009F4CF9 /* Resources */,
				79420B7C987C812C51D1D09B /* [CP] Embed Pods Frameworks */,
			);
			buildRules = (
			);
			dependencies = (
				8B5EC01F25784553009F4CF9 /* PBXTargetDependency */,
			);
			name = kuestUITests;
			productName = kuestUITests;
			productReference = 8B5EC01D25784553009F4CF9 /* kuestUITests.xctest */;
			productType = "com.apple.product-type.bundle.ui-testing";
		};
/* End PBXNativeTarget section */

/* Begin PBXProject section */
		8B5EBFF925784552009F4CF9 /* Project object */ = {
			isa = PBXProject;
			attributes = {
				LastSwiftUpdateCheck = 1220;
				LastUpgradeCheck = 1220;
				TargetAttributes = {
					8B5EC00025784552009F4CF9 = {
						CreatedOnToolsVersion = 12.2;
					};
					8B5EC01125784553009F4CF9 = {
						CreatedOnToolsVersion = 12.2;
						TestTargetID = 8B5EC00025784552009F4CF9;
					};
					8B5EC01C25784553009F4CF9 = {
						CreatedOnToolsVersion = 12.2;
						TestTargetID = 8B5EC00025784552009F4CF9;
					};
				};
			};
			buildConfigurationList = 8B5EBFFC25784552009F4CF9 /* Build configuration list for PBXProject "kuest" */;
			compatibilityVersion = "Xcode 9.3";
			developmentRegion = en;
			hasScannedForEncodings = 0;
			knownRegions = (
				en,
				Base,
			);
			mainGroup = 8B5EBFF825784552009F4CF9;
			productRefGroup = 8B5EC00225784552009F4CF9 /* Products */;
			projectDirPath = "";
			projectRoot = "";
			targets = (
				8B5EC00025784552009F4CF9 /* kuest */,
				8B5EC01125784553009F4CF9 /* kuestTests */,
				8B5EC01C25784553009F4CF9 /* kuestUITests */,
			);
		};
/* End PBXProject section */

/* Begin PBXResourcesBuildPhase section */
		8B5EBFFF25784552009F4CF9 /* Resources */ = {
			isa = PBXResourcesBuildPhase;
			buildActionMask = 2147483647;
			files = (
				8B5EC00C25784553009F4CF9 /* Preview Assets.xcassets in Resources */,
				8B5EC00925784553009F4CF9 /* Assets.xcassets in Resources */,
			);
			runOnlyForDeploymentPostprocessing = 0;
		};
		8B5EC01025784553009F4CF9 /* Resources */ = {
			isa = PBXResourcesBuildPhase;
			buildActionMask = 2147483647;
			files = (
			);
			runOnlyForDeploymentPostprocessing = 0;
		};
		8B5EC01B25784553009F4CF9 /* Resources */ = {
			isa = PBXResourcesBuildPhase;
			buildActionMask = 2147483647;
			files = (
			);
			runOnlyForDeploymentPostprocessing = 0;
		};
/* End PBXResourcesBuildPhase section */

/* Begin PBXShellScriptBuildPhase section */
		2705D267DD8C65F28A3D1791 /* [CP] Check Pods Manifest.lock */ = {
			isa = PBXShellScriptBuildPhase;
			buildActionMask = 2147483647;
			files = (
			);
			inputFileListPaths = (
			);
			inputPaths = (
				"${PODS_PODFILE_DIR_PATH}/Podfile.lock",
				"${PODS_ROOT}/Manifest.lock",
			);
			name = "[CP] Check Pods Manifest.lock";
			outputFileListPaths = (
			);
			outputPaths = (
				"$(DERIVED_FILE_DIR)/Pods-kuest-checkManifestLockResult.txt",
			);
			runOnlyForDeploymentPostprocessing = 0;
			shellPath = /bin/sh;
			shellScript = "diff \"${PODS_PODFILE_DIR_PATH}/Podfile.lock\" \"${PODS_ROOT}/Manifest.lock\" > /dev/null\nif [ $? != 0 ] ; then\n    # print error to STDERR\n    echo \"error: The sandbox is not in sync with the Podfile.lock. Run 'pod install' or update your CocoaPods installation.\" >&2\n    exit 1\nfi\n# This output is used by Xcode 'outputs' to avoid re-running this script phase.\necho \"SUCCESS\" > \"${SCRIPT_OUTPUT_FILE_0}\"\n";
			showEnvVarsInLog = 0;
		};
		3761DF37A6135EB44052F882 /* [CP] Check Pods Manifest.lock */ = {
			isa = PBXShellScriptBuildPhase;
			buildActionMask = 2147483647;
			files = (
			);
			inputFileListPaths = (
			);
			inputPaths = (
				"${PODS_PODFILE_DIR_PATH}/Podfile.lock",
				"${PODS_ROOT}/Manifest.lock",
			);
			name = "[CP] Check Pods Manifest.lock";
			outputFileListPaths = (
			);
			outputPaths = (
				"$(DERIVED_FILE_DIR)/Pods-kuestTests-checkManifestLockResult.txt",
			);
			runOnlyForDeploymentPostprocessing = 0;
			shellPath = /bin/sh;
			shellScript = "diff \"${PODS_PODFILE_DIR_PATH}/Podfile.lock\" \"${PODS_ROOT}/Manifest.lock\" > /dev/null\nif [ $? != 0 ] ; then\n    # print error to STDERR\n    echo \"error: The sandbox is not in sync with the Podfile.lock. Run 'pod install' or update your CocoaPods installation.\" >&2\n    exit 1\nfi\n# This output is used by Xcode 'outputs' to avoid re-running this script phase.\necho \"SUCCESS\" > \"${SCRIPT_OUTPUT_FILE_0}\"\n";
			showEnvVarsInLog = 0;
		};
		4797F32CEB0B5CB29809CC78 /* [CP] Check Pods Manifest.lock */ = {
			isa = PBXShellScriptBuildPhase;
			buildActionMask = 2147483647;
			files = (
			);
			inputFileListPaths = (
			);
			inputPaths = (
				"${PODS_PODFILE_DIR_PATH}/Podfile.lock",
				"${PODS_ROOT}/Manifest.lock",
			);
			name = "[CP] Check Pods Manifest.lock";
			outputFileListPaths = (
			);
			outputPaths = (
				"$(DERIVED_FILE_DIR)/Pods-kuest-kuestUITests-checkManifestLockResult.txt",
			);
			runOnlyForDeploymentPostprocessing = 0;
			shellPath = /bin/sh;
			shellScript = "diff \"${PODS_PODFILE_DIR_PATH}/Podfile.lock\" \"${PODS_ROOT}/Manifest.lock\" > /dev/null\nif [ $? != 0 ] ; then\n    # print error to STDERR\n    echo \"error: The sandbox is not in sync with the Podfile.lock. Run 'pod install' or update your CocoaPods installation.\" >&2\n    exit 1\nfi\n# This output is used by Xcode 'outputs' to avoid re-running this script phase.\necho \"SUCCESS\" > \"${SCRIPT_OUTPUT_FILE_0}\"\n";
			showEnvVarsInLog = 0;
		};
		79420B7C987C812C51D1D09B /* [CP] Embed Pods Frameworks */ = {
			isa = PBXShellScriptBuildPhase;
			buildActionMask = 2147483647;
			files = (
			);
			inputFileListPaths = (
				"${PODS_ROOT}/Target Support Files/Pods-kuest-kuestUITests/Pods-kuest-kuestUITests-frameworks-${CONFIGURATION}-input-files.xcfilelist",
			);
			name = "[CP] Embed Pods Frameworks";
			outputFileListPaths = (
				"${PODS_ROOT}/Target Support Files/Pods-kuest-kuestUITests/Pods-kuest-kuestUITests-frameworks-${CONFIGURATION}-output-files.xcfilelist",
			);
			runOnlyForDeploymentPostprocessing = 0;
			shellPath = /bin/sh;
			shellScript = "\"${PODS_ROOT}/Target Support Files/Pods-kuest-kuestUITests/Pods-kuest-kuestUITests-frameworks.sh\"\n";
			showEnvVarsInLog = 0;
		};
		C9F9DA2B04D301F579D9FB59 /* [CP] Embed Pods Frameworks */ = {
			isa = PBXShellScriptBuildPhase;
			buildActionMask = 2147483647;
			files = (
			);
			inputFileListPaths = (
				"${PODS_ROOT}/Target Support Files/Pods-kuest/Pods-kuest-frameworks-${CONFIGURATION}-input-files.xcfilelist",
			);
			name = "[CP] Embed Pods Frameworks";
			outputFileListPaths = (
				"${PODS_ROOT}/Target Support Files/Pods-kuest/Pods-kuest-frameworks-${CONFIGURATION}-output-files.xcfilelist",
			);
			runOnlyForDeploymentPostprocessing = 0;
			shellPath = /bin/sh;
			shellScript = "\"${PODS_ROOT}/Target Support Files/Pods-kuest/Pods-kuest-frameworks.sh\"\n";
			showEnvVarsInLog = 0;
		};
/* End PBXShellScriptBuildPhase section */

/* Begin PBXSourcesBuildPhase section */
		8B5EBFFD25784552009F4CF9 /* Sources */ = {
			isa = PBXSourcesBuildPhase;
			buildActionMask = 2147483647;
			files = (
				8B5EC00725784552009F4CF9 /* ContentView.swift in Sources */,
				8B5EC05D25785F1F009F4CF9 /* SignView.swift in Sources */,
				8B5EC00525784552009F4CF9 /* kuestApp.swift in Sources */,
				8B5EC04A25785DE6009F4CF9 /* SocialSystem.swift in Sources */,
			);
			runOnlyForDeploymentPostprocessing = 0;
		};
		8B5EC00E25784553009F4CF9 /* Sources */ = {
			isa = PBXSourcesBuildPhase;
			buildActionMask = 2147483647;
			files = (
				8B5EC01725784553009F4CF9 /* kuestTests.swift in Sources */,
			);
			runOnlyForDeploymentPostprocessing = 0;
		};
		8B5EC01925784553009F4CF9 /* Sources */ = {
			isa = PBXSourcesBuildPhase;
			buildActionMask = 2147483647;
			files = (
				8B5EC02225784553009F4CF9 /* kuestUITests.swift in Sources */,
			);
			runOnlyForDeploymentPostprocessing = 0;
		};
/* End PBXSourcesBuildPhase section */

/* Begin PBXTargetDependency section */
		8B5EC01425784553009F4CF9 /* PBXTargetDependency */ = {
			isa = PBXTargetDependency;
			target = 8B5EC00025784552009F4CF9 /* kuest */;
			targetProxy = 8B5EC01325784553009F4CF9 /* PBXContainerItemProxy */;
		};
		8B5EC01F25784553009F4CF9 /* PBXTargetDependency */ = {
			isa = PBXTargetDependency;
			target = 8B5EC00025784552009F4CF9 /* kuest */;
			targetProxy = 8B5EC01E25784553009F4CF9 /* PBXContainerItemProxy */;
		};
/* End PBXTargetDependency section */

/* Begin XCBuildConfiguration section */
		8B5EC02425784553009F4CF9 /* Debug */ = {
			isa = XCBuildConfiguration;
			buildSettings = {
				ALWAYS_SEARCH_USER_PATHS = NO;
				CLANG_ANALYZER_NONNULL = YES;
				CLANG_ANALYZER_NUMBER_OBJECT_CONVERSION = YES_AGGRESSIVE;
				CLANG_CXX_LANGUAGE_STANDARD = "gnu++14";
				CLANG_CXX_LIBRARY = "libc++";
				CLANG_ENABLE_MODULES = YES;
				CLANG_ENABLE_OBJC_ARC = YES;
				CLANG_ENABLE_OBJC_WEAK = YES;
				CLANG_WARN_BLOCK_CAPTURE_AUTORELEASING = YES;
				CLANG_WARN_BOOL_CONVERSION = YES;
				CLANG_WARN_COMMA = YES;
				CLANG_WARN_CONSTANT_CONVERSION = YES;
				CLANG_WARN_DEPRECATED_OBJC_IMPLEMENTATIONS = YES;
				CLANG_WARN_DIRECT_OBJC_ISA_USAGE = YES_ERROR;
				CLANG_WARN_DOCUMENTATION_COMMENTS = YES;
				CLANG_WARN_EMPTY_BODY = YES;
				CLANG_WARN_ENUM_CONVERSION = YES;
				CLANG_WARN_INFINITE_RECURSION = YES;
				CLANG_WARN_INT_CONVERSION = YES;
				CLANG_WARN_NON_LITERAL_NULL_CONVERSION = YES;
				CLANG_WARN_OBJC_IMPLICIT_RETAIN_SELF = YES;
				CLANG_WARN_OBJC_LITERAL_CONVERSION = YES;
				CLANG_WARN_OBJC_ROOT_CLASS = YES_ERROR;
				CLANG_WARN_QUOTED_INCLUDE_IN_FRAMEWORK_HEADER = YES;
				CLANG_WARN_RANGE_LOOP_ANALYSIS = YES;
				CLANG_WARN_STRICT_PROTOTYPES = YES;
				CLANG_WARN_SUSPICIOUS_MOVE = YES;
				CLANG_WARN_UNGUARDED_AVAILABILITY = YES_AGGRESSIVE;
				CLANG_WARN_UNREACHABLE_CODE = YES;
				CLANG_WARN__DUPLICATE_METHOD_MATCH = YES;
				COPY_PHASE_STRIP = NO;
				DEBUG_INFORMATION_FORMAT = dwarf;
				ENABLE_STRICT_OBJC_MSGSEND = YES;
				ENABLE_TESTABILITY = YES;
				GCC_C_LANGUAGE_STANDARD = gnu11;
				GCC_DYNAMIC_NO_PIC = NO;
				GCC_NO_COMMON_BLOCKS = YES;
				GCC_OPTIMIZATION_LEVEL = 0;
				GCC_PREPROCESSOR_DEFINITIONS = (
					"DEBUG=1",
					"$(inherited)",
				);
				GCC_WARN_64_TO_32_BIT_CONVERSION = YES;
				GCC_WARN_ABOUT_RETURN_TYPE = YES_ERROR;
				GCC_WARN_UNDECLARED_SELECTOR = YES;
				GCC_WARN_UNINITIALIZED_AUTOS = YES_AGGRESSIVE;
				GCC_WARN_UNUSED_FUNCTION = YES;
				GCC_WARN_UNUSED_VARIABLE = YES;
				IPHONEOS_DEPLOYMENT_TARGET = 14.2;
				MTL_ENABLE_DEBUG_INFO = INCLUDE_SOURCE;
				MTL_FAST_MATH = YES;
				ONLY_ACTIVE_ARCH = YES;
				SDKROOT = iphoneos;
				SWIFT_ACTIVE_COMPILATION_CONDITIONS = DEBUG;
				SWIFT_OPTIMIZATION_LEVEL = "-Onone";
			};
			name = Debug;
		};
		8B5EC02525784553009F4CF9 /* Release */ = {
			isa = XCBuildConfiguration;
			buildSettings = {
				ALWAYS_SEARCH_USER_PATHS = NO;
				CLANG_ANALYZER_NONNULL = YES;
				CLANG_ANALYZER_NUMBER_OBJECT_CONVERSION = YES_AGGRESSIVE;
				CLANG_CXX_LANGUAGE_STANDARD = "gnu++14";
				CLANG_CXX_LIBRARY = "libc++";
				CLANG_ENABLE_MODULES = YES;
				CLANG_ENABLE_OBJC_ARC = YES;
				CLANG_ENABLE_OBJC_WEAK = YES;
				CLANG_WARN_BLOCK_CAPTURE_AUTORELEASING = YES;
				CLANG_WARN_BOOL_CONVERSION = YES;
				CLANG_WARN_COMMA = YES;
				CLANG_WARN_CONSTANT_CONVERSION = YES;
				CLANG_WARN_DEPRECATED_OBJC_IMPLEMENTATIONS = YES;
				CLANG_WARN_DIRECT_OBJC_ISA_USAGE = YES_ERROR;
				CLANG_WARN_DOCUMENTATION_COMMENTS = YES;
				CLANG_WARN_EMPTY_BODY = YES;
				CLANG_WARN_ENUM_CONVERSION = YES;
				CLANG_WARN_INFINITE_RECURSION = YES;
				CLANG_WARN_INT_CONVERSION = YES;
				CLANG_WARN_NON_LITERAL_NULL_CONVERSION = YES;
				CLANG_WARN_OBJC_IMPLICIT_RETAIN_SELF = YES;
				CLANG_WARN_OBJC_LITERAL_CONVERSION = YES;
				CLANG_WARN_OBJC_ROOT_CLASS = YES_ERROR;
				CLANG_WARN_QUOTED_INCLUDE_IN_FRAMEWORK_HEADER = YES;
				CLANG_WARN_RANGE_LOOP_ANALYSIS = YES;
				CLANG_WARN_STRICT_PROTOTYPES = YES;
				CLANG_WARN_SUSPICIOUS_MOVE = YES;
				CLANG_WARN_UNGUARDED_AVAILABILITY = YES_AGGRESSIVE;
				CLANG_WARN_UNREACHABLE_CODE = YES;
				CLANG_WARN__DUPLICATE_METHOD_MATCH = YES;
				COPY_PHASE_STRIP = NO;
				DEBUG_INFORMATION_FORMAT = "dwarf-with-dsym";
				ENABLE_NS_ASSERTIONS = NO;
				ENABLE_STRICT_OBJC_MSGSEND = YES;
				GCC_C_LANGUAGE_STANDARD = gnu11;
				GCC_NO_COMMON_BLOCKS = YES;
				GCC_WARN_64_TO_32_BIT_CONVERSION = YES;
				GCC_WARN_ABOUT_RETURN_TYPE = YES_ERROR;
				GCC_WARN_UNDECLARED_SELECTOR = YES;
				GCC_WARN_UNINITIALIZED_AUTOS = YES_AGGRESSIVE;
				GCC_WARN_UNUSED_FUNCTION = YES;
				GCC_WARN_UNUSED_VARIABLE = YES;
				IPHONEOS_DEPLOYMENT_TARGET = 14.2;
				MTL_ENABLE_DEBUG_INFO = NO;
				MTL_FAST_MATH = YES;
				SDKROOT = iphoneos;
				SWIFT_COMPILATION_MODE = wholemodule;
				SWIFT_OPTIMIZATION_LEVEL = "-O";
				VALIDATE_PRODUCT = YES;
			};
			name = Release;
		};
		8B5EC02725784553009F4CF9 /* Debug */ = {
			isa = XCBuildConfiguration;
			baseConfigurationReference = 94B31ADBF785E74CAD874B9E /* Pods-kuest.debug.xcconfig */;
			buildSettings = {
				ASSETCATALOG_COMPILER_APPICON_NAME = AppIcon;
				ASSETCATALOG_COMPILER_GLOBAL_ACCENT_COLOR_NAME = AccentColor;
				CODE_SIGN_STYLE = Automatic;
				DEVELOPMENT_ASSET_PATHS = "\"kuest/Preview Content\"";
				DEVELOPMENT_TEAM = JHUS5Q9WHQ;
				ENABLE_PREVIEWS = YES;
				INFOPLIST_FILE = kuest/Info.plist;
				IPHONEOS_DEPLOYMENT_TARGET = 14.0;
				LD_RUNPATH_SEARCH_PATHS = (
					"$(inherited)",
					"@executable_path/Frameworks",
				);
				PRODUCT_BUNDLE_IDENTIFIER = com.egoist.kuest;
				PRODUCT_NAME = "$(TARGET_NAME)";
				SWIFT_VERSION = 5.0;
				TARGETED_DEVICE_FAMILY = "1,2";
			};
			name = Debug;
		};
		8B5EC02825784553009F4CF9 /* Release */ = {
			isa = XCBuildConfiguration;
			baseConfigurationReference = 1D3BB7B4AEE449BCC71571A9 /* Pods-kuest.release.xcconfig */;
			buildSettings = {
				ASSETCATALOG_COMPILER_APPICON_NAME = AppIcon;
				ASSETCATALOG_COMPILER_GLOBAL_ACCENT_COLOR_NAME = AccentColor;
				CODE_SIGN_STYLE = Automatic;
				DEVELOPMENT_ASSET_PATHS = "\"kuest/Preview Content\"";
				DEVELOPMENT_TEAM = JHUS5Q9WHQ;
				ENABLE_PREVIEWS = YES;
				INFOPLIST_FILE = kuest/Info.plist;
				IPHONEOS_DEPLOYMENT_TARGET = 14.0;
				LD_RUNPATH_SEARCH_PATHS = (
					"$(inherited)",
					"@executable_path/Frameworks",
				);
				PRODUCT_BUNDLE_IDENTIFIER = com.egoist.kuest;
				PRODUCT_NAME = "$(TARGET_NAME)";
				SWIFT_VERSION = 5.0;
				TARGETED_DEVICE_FAMILY = "1,2";
			};
			name = Release;
		};
		8B5EC02A25784553009F4CF9 /* Debug */ = {
			isa = XCBuildConfiguration;
			baseConfigurationReference = 1AF9BC801FD54D0F39D65274 /* Pods-kuestTests.debug.xcconfig */;
			buildSettings = {
				ALWAYS_EMBED_SWIFT_STANDARD_LIBRARIES = YES;
				BUNDLE_LOADER = "$(TEST_HOST)";
				CODE_SIGN_STYLE = Automatic;
				DEVELOPMENT_TEAM = JHUS5Q9WHQ;
				INFOPLIST_FILE = kuestTests/Info.plist;
				IPHONEOS_DEPLOYMENT_TARGET = 14.0;
				LD_RUNPATH_SEARCH_PATHS = (
					"$(inherited)",
					"@executable_path/Frameworks",
					"@loader_path/Frameworks",
				);
				PRODUCT_BUNDLE_IDENTIFIER = com.egoist.kuestTests;
				PRODUCT_NAME = "$(TARGET_NAME)";
				SWIFT_VERSION = 5.0;
				TARGETED_DEVICE_FAMILY = "1,2";
				TEST_HOST = "$(BUILT_PRODUCTS_DIR)/kuest.app/kuest";
			};
			name = Debug;
		};
		8B5EC02B25784553009F4CF9 /* Release */ = {
			isa = XCBuildConfiguration;
			baseConfigurationReference = DC2AB7F7185C27B82B399EDF /* Pods-kuestTests.release.xcconfig */;
			buildSettings = {
				ALWAYS_EMBED_SWIFT_STANDARD_LIBRARIES = YES;
				BUNDLE_LOADER = "$(TEST_HOST)";
				CODE_SIGN_STYLE = Automatic;
				DEVELOPMENT_TEAM = JHUS5Q9WHQ;
				INFOPLIST_FILE = kuestTests/Info.plist;
				IPHONEOS_DEPLOYMENT_TARGET = 14.0;
				LD_RUNPATH_SEARCH_PATHS = (
					"$(inherited)",
					"@executable_path/Frameworks",
					"@loader_path/Frameworks",
				);
				PRODUCT_BUNDLE_IDENTIFIER = com.egoist.kuestTests;
				PRODUCT_NAME = "$(TARGET_NAME)";
				SWIFT_VERSION = 5.0;
				TARGETED_DEVICE_FAMILY = "1,2";
				TEST_HOST = "$(BUILT_PRODUCTS_DIR)/kuest.app/kuest";
			};
			name = Release;
		};
		8B5EC02D25784553009F4CF9 /* Debug */ = {
			isa = XCBuildConfiguration;
			baseConfigurationReference = BB55070A8D7691D80DBDD64B /* Pods-kuest-kuestUITests.debug.xcconfig */;
			buildSettings = {
				ALWAYS_EMBED_SWIFT_STANDARD_LIBRARIES = YES;
				CODE_SIGN_STYLE = Automatic;
				DEVELOPMENT_TEAM = JHUS5Q9WHQ;
				INFOPLIST_FILE = kuestUITests/Info.plist;
				LD_RUNPATH_SEARCH_PATHS = (
					"$(inherited)",
					"@executable_path/Frameworks",
					"@loader_path/Frameworks",
				);
				PRODUCT_BUNDLE_IDENTIFIER = com.egoist.kuestUITests;
				PRODUCT_NAME = "$(TARGET_NAME)";
				SWIFT_VERSION = 5.0;
				TARGETED_DEVICE_FAMILY = "1,2";
				TEST_TARGET_NAME = kuest;
			};
			name = Debug;
		};
		8B5EC02E25784553009F4CF9 /* Release */ = {
			isa = XCBuildConfiguration;
			baseConfigurationReference = 268041B9D3D10B4A03225DFB /* Pods-kuest-kuestUITests.release.xcconfig */;
			buildSettings = {
				ALWAYS_EMBED_SWIFT_STANDARD_LIBRARIES = YES;
				CODE_SIGN_STYLE = Automatic;
				DEVELOPMENT_TEAM = JHUS5Q9WHQ;
				INFOPLIST_FILE = kuestUITests/Info.plist;
				LD_RUNPATH_SEARCH_PATHS = (
					"$(inherited)",
					"@executable_path/Frameworks",
					"@loader_path/Frameworks",
				);
				PRODUCT_BUNDLE_IDENTIFIER = com.egoist.kuestUITests;
				PRODUCT_NAME = "$(TARGET_NAME)";
				SWIFT_VERSION = 5.0;
				TARGETED_DEVICE_FAMILY = "1,2";
				TEST_TARGET_NAME = kuest;
			};
			name = Release;
		};
/* End XCBuildConfiguration section */

/* Begin XCConfigurationList section */
		8B5EBFFC25784552009F4CF9 /* Build configuration list for PBXProject "kuest" */ = {
			isa = XCConfigurationList;
			buildConfigurations = (
				8B5EC02425784553009F4CF9 /* Debug */,
				8B5EC02525784553009F4CF9 /* Release */,
			);
			defaultConfigurationIsVisible = 0;
			defaultConfigurationName = Release;
		};
		8B5EC02625784553009F4CF9 /* Build configuration list for PBXNativeTarget "kuest" */ = {
			isa = XCConfigurationList;
			buildConfigurations = (
				8B5EC02725784553009F4CF9 /* Debug */,
				8B5EC02825784553009F4CF9 /* Release */,
			);
			defaultConfigurationIsVisible = 0;
			defaultConfigurationName = Release;
		};
		8B5EC02925784553009F4CF9 /* Build configuration list for PBXNativeTarget "kuestTests" */ = {
			isa = XCConfigurationList;
			buildConfigurations = (
				8B5EC02A25784553009F4CF9 /* Debug */,
				8B5EC02B25784553009F4CF9 /* Release */,
			);
			defaultConfigurationIsVisible = 0;
			defaultConfigurationName = Release;
		};
		8B5EC02C25784553009F4CF9 /* Build configuration list for PBXNativeTarget "kuestUITests" */ = {
			isa = XCConfigurationList;
			buildConfigurations = (
				8B5EC02D25784553009F4CF9 /* Debug */,
				8B5EC02E25784553009F4CF9 /* Release */,
			);
			defaultConfigurationIsVisible = 0;
			defaultConfigurationName = Release;
		};
/* End XCConfigurationList section */
	};
	rootObject = 8B5EBFF925784552009F4CF9 /* Project object */;
}
